
Microsoft Visual Studio Solution File, Format Version 12.00
# Visual Studio Version 17
VisualStudioVersion = 17.2.32516.85
MinimumVisualStudioVersion = 10.0.40219.1
Project("{FAE04EC0-301F-11D3-BF4B-00C04F79EFBC}") = "Calculator", "Calculator\Calculator.csproj", "{80CE6287-0B94-48A8-A8B9-46D9D3D3A8CE}"
EndProject
Global
	GlobalSection(SolutionConfigurationPlatforms) = preSolution
		Debug|Any CPU = Debug|Any CPU
		Release|Any CPU = Release|Any CPU
	EndGlobalSection
	GlobalSection(ProjectConfigurationPlatforms) = postSolution
		{80CE6287-0B94-48A8-A8B9-46D9D3D3A8CE}.Debug|Any CPU.ActiveCfg = Debug|Any CPU
		{80CE6287-0B94-48A8-A8B9-46D9D3D3A8CE}.Debug|Any CPU.Build.0 = Debug|Any CPU
		{80CE6287-0B94-48A8-A8B9-46D9D3D3A8CE}.Release|Any CPU.ActiveCfg = Release|Any CPU
		{80CE6287-0B94-48A8-A8B9-46D9D3D3A8CE}.Release|Any CPU.Build.0 = Release|Any CPU
	EndGlobalSection
	GlobalSection(SolutionProperties) = preSolution
		HideSolutionNode = FALSE
	EndGlobalSection
	GlobalSection(ExtensibilityGlobals) = postSolution
		SolutionGuid = {7B943405-BAC9-49C1-8521-D00D6C7B169F}
	EndGlobalSection
EndGlobal
